{
	"name": "markdown-to",
	"version": "1.0.0",
	"lockfileVersion": 2,
	"requires": true,
	"packages": {
		"": {
			"name": "markdown-to",
			"version": "1.0.0",
			"license": "ISC",
			"dependencies": {
				"@vitalets/google-translate-api": "^8.0.0",
				"commander": "^9.2.0",
				"highlight.js": "^11.5.1",
				"markdown-it": "^13.0.1"
			},
			"devDependencies": {
				"@types/markdown-it": "^12.2.3",
				"@types/node": "^17.0.35",
				"typescript": "^4.6.4"
			}
		},
		"node_modules/@sindresorhus/is": {
			"version": "0.14.0",
			"resolved": "https://registry.npmmirror.com/@sindresorhus/is/-/is-0.14.0.tgz",
			"integrity": "sha512-9NET910DNaIPngYnLLPeg+Ogzqsi9uM4mSboU5y6p8S5DzMTVEsJZrawi+BoDNUVBa2DhJqQYUFvMDfgU062LQ==",
			"engines": {
				"node": ">=6"
			}
		},
		"node_modules/@szmarczak/http-timer": {
			"version": "1.1.2",
			"resolved": "https://registry.npmmirror.com/@szmarczak/http-timer/-/http-timer-1.1.2.tgz",
			"integrity": "sha512-XIB2XbzHTN6ieIjfIMV9hlVcfPU26s2vafYWQcZHWXHOxiaRZYEDKEwdl129Zyg50+foYV2jCgtrqSA6qNuNSA==",
			"dependencies": {
				"defer-to-connect": "^1.0.1"
			},
			"engines": {
				"node": ">=6"
			}
		},
		"node_modules/@types/linkify-it": {
			"version": "3.0.2",
			"resolved": "https://registry.npmmirror.com/@types/linkify-it/-/linkify-it-3.0.2.tgz",
			"integrity": "sha512-HZQYqbiFVWufzCwexrvh694SOim8z2d+xJl5UNamcvQFejLY/2YUtzXHYi3cHdI7PMlS8ejH2slRAOJQ32aNbA==",
			"dev": true
		},
		"node_modules/@types/markdown-it": {
			"version": "12.2.3",
			"resolved": "https://registry.npmmirror.com/@types/markdown-it/-/markdown-it-12.2.3.tgz",
			"integrity": "sha512-GKMHFfv3458yYy+v/N8gjufHO6MSZKCOXpZc5GXIWWy8uldwfmPn98vp81gZ5f9SVw8YYBctgfJ22a2d7AOMeQ==",
			"dev": true,
			"dependencies": {
				"@types/linkify-it": "*",
				"@types/mdurl": "*"
			}
		},
		"node_modules/@types/mdurl": {
			"version": "1.0.2",
			"resolved": "https://registry.npmmirror.com/@types/mdurl/-/mdurl-1.0.2.tgz",
			"integrity": "sha512-eC4U9MlIcu2q0KQmXszyn5Akca/0jrQmwDRgpAMJai7qBWq4amIQhZyNau4VYGtCeALvW1/NtjzJJ567aZxfKA==",
			"dev": true
		},
		"node_modules/@types/node": {
			"version": "17.0.35",
			"resolved": "https://registry.npmmirror.com/@types/node/-/node-17.0.35.tgz",
			"integrity": "sha512-vu1SrqBjbbZ3J6vwY17jBs8Sr/BKA+/a/WtjRG+whKg1iuLFOosq872EXS0eXWILdO36DHQQeku/ZcL6hz2fpg==",
			"dev": true
		},
		"node_modules/@vitalets/google-translate-api": {
			"version": "8.0.0",
			"resolved": "https://registry.npmmirror.com/@vitalets/google-translate-api/-/google-translate-api-8.0.0.tgz",
			"integrity": "sha512-CHOi8DRgDAoLlFQy9pm1KHUauIk5ZXys3+Eh0aSYxzJSuxAE7Z2UL8+5MgNdl1oX7t/O7u+SwGhkhu6+U1bNcg==",
			"dependencies": {
				"configstore": "^5.0.1",
				"got": "^9.6.0"
			}
		},
		"node_modules/argparse": {
			"version": "2.0.1",
			"license": "Python-2.0"
		},
		"node_modules/cacheable-request": {
			"version": "6.1.0",
			"resolved": "https://registry.npmmirror.com/cacheable-request/-/cacheable-request-6.1.0.tgz",
			"integrity": "sha512-Oj3cAGPCqOZX7Rz64Uny2GYAZNliQSqfbePrgAQ1wKAihYmCUnraBtJtKcGR4xz7wF+LoJC+ssFZvv5BgF9Igg==",
			"dependencies": {
				"clone-response": "^1.0.2",
				"get-stream": "^5.1.0",
				"http-cache-semantics": "^4.0.0",
				"keyv": "^3.0.0",
				"lowercase-keys": "^2.0.0",
				"normalize-url": "^4.1.0",
				"responselike": "^1.0.2"
			},
			"engines": {
				"node": ">=8"
			}
		},
		"node_modules/cacheable-request/node_modules/get-stream": {
			"version": "5.2.0",
			"resolved": "https://registry.npmmirror.com/get-stream/-/get-stream-5.2.0.tgz",
			"integrity": "sha512-nBF+F1rAZVCu/p7rjzgA+Yb4lfYXrpl7a6VmJrU8wF9I1CKvP/QwPNZHnOlwbTkY6dvtFIzFMSyQXbLoTQPRpA==",
			"dependencies": {
				"pump": "^3.0.0"
			},
			"engines": {
				"node": ">=8"
			}
		},
		"node_modules/cacheable-request/node_modules/lowercase-keys": {
			"version": "2.0.0",
			"resolved": "https://registry.npmmirror.com/lowercase-keys/-/lowercase-keys-2.0.0.tgz",
			"integrity": "sha512-tqNXrS78oMOE73NMxK4EMLQsQowWf8jKooH9g7xPavRT706R6bkQJ6DY2Te7QukaZsulxa30wQ7bk0pm4XiHmA==",
			"engines": {
				"node": ">=8"
			}
		},
		"node_modules/clone-response": {
			"version": "1.0.2",
			"resolved": "https://registry.npmmirror.com/clone-response/-/clone-response-1.0.2.tgz",
			"integrity": "sha512-yjLXh88P599UOyPTFX0POsd7WxnbsVsGohcwzHOLspIhhpalPw1BcqED8NblyZLKcGrL8dTgMlcaZxV2jAD41Q==",
			"dependencies": {
				"mimic-response": "^1.0.0"
			}
		},
		"node_modules/commander": {
			"version": "9.2.0",
			"resolved": "https://registry.npmmirror.com/commander/-/commander-9.2.0.tgz",
			"integrity": "sha512-e2i4wANQiSXgnrBlIatyHtP1odfUp0BbV5Y5nEGbxtIrStkEOAAzCUirvLBNXHLr7kwLvJl6V+4V3XV9x7Wd9w==",
			"engines": {
				"node": "^12.20.0 || >=14"
			}
		},
		"node_modules/configstore": {
			"version": "5.0.1",
			"resolved": "https://registry.npmmirror.com/configstore/-/configstore-5.0.1.tgz",
			"integrity": "sha512-aMKprgk5YhBNyH25hj8wGt2+D52Sw1DRRIzqBwLp2Ya9mFmY8KPvvtvmna8SxVR9JMZ4kzMD68N22vlaRpkeFA==",
			"dependencies": {
				"dot-prop": "^5.2.0",
				"graceful-fs": "^4.1.2",
				"make-dir": "^3.0.0",
				"unique-string": "^2.0.0",
				"write-file-atomic": "^3.0.0",
				"xdg-basedir": "^4.0.0"
			},
			"engines": {
				"node": ">=8"
			}
		},
		"node_modules/crypto-random-string": {
			"version": "2.0.0",
			"resolved": "https://registry.npmmirror.com/crypto-random-string/-/crypto-random-string-2.0.0.tgz",
			"integrity": "sha512-v1plID3y9r/lPhviJ1wrXpLeyUIGAZ2SHNYTEapm7/8A9nLPoyvVp3RK/EPFqn5kEznyWgYZNsRtYYIWbuG8KA==",
			"engines": {
				"node": ">=8"
			}
		},
		"node_modules/decompress-response": {
			"version": "3.3.0",
			"resolved": "https://registry.npmmirror.com/decompress-response/-/decompress-response-3.3.0.tgz",
			"integrity": "sha512-BzRPQuY1ip+qDonAOz42gRm/pg9F768C+npV/4JOsxRC2sq+Rlk+Q4ZCAsOhnIaMrgarILY+RMUIvMmmX1qAEA==",
			"dependencies": {
				"mimic-response": "^1.0.0"
			},
			"engines": {
				"node": ">=4"
			}
		},
		"node_modules/defer-to-connect": {
			"version": "1.1.3",
			"resolved": "https://registry.npmmirror.com/defer-to-connect/-/defer-to-connect-1.1.3.tgz",
			"integrity": "sha512-0ISdNousHvZT2EiFlZeZAHBUvSxmKswVCEf8hW7KWgG4a8MVEu/3Vb6uWYozkjylyCxe0JBIiRB1jV45S70WVQ=="
		},
		"node_modules/dot-prop": {
			"version": "5.3.0",
			"resolved": "https://registry.npmmirror.com/dot-prop/-/dot-prop-5.3.0.tgz",
			"integrity": "sha512-QM8q3zDe58hqUqjraQOmzZ1LIH9SWQJTlEKCH4kJ2oQvLZk7RbQXvtDM2XEq3fwkV9CCvvH4LA0AV+ogFsBM2Q==",
			"dependencies": {
				"is-obj": "^2.0.0"
			},
			"engines": {
				"node": ">=8"
			}
		},
		"node_modules/duplexer3": {
			"version": "0.1.4",
			"resolved": "https://registry.npmmirror.com/duplexer3/-/duplexer3-0.1.4.tgz",
			"integrity": "sha512-CEj8FwwNA4cVH2uFCoHUrmojhYh1vmCdOaneKJXwkeY1i9jnlslVo9dx+hQ5Hl9GnH/Bwy/IjxAyOePyPKYnzA=="
		},
		"node_modules/end-of-stream": {
			"version": "1.4.4",
			"resolved": "https://registry.npmmirror.com/end-of-stream/-/end-of-stream-1.4.4.tgz",
			"integrity": "sha512-+uw1inIHVPQoaVuHzRyXd21icM+cnt4CzD5rW+NC1wjOUSTOs+Te7FOv7AhN7vS9x/oIyhLP5PR1H+phQAHu5Q==",
			"dependencies": {
				"once": "^1.4.0"
			}
		},
		"node_modules/get-stream": {
			"version": "4.1.0",
			"resolved": "https://registry.npmmirror.com/get-stream/-/get-stream-4.1.0.tgz",
			"integrity": "sha512-GMat4EJ5161kIy2HevLlr4luNjBgvmj413KaQA7jt4V8B4RDsfpHk7WQ9GVqfYyyx8OS/L66Kox+rJRNklLK7w==",
			"dependencies": {
				"pump": "^3.0.0"
			},
			"engines": {
				"node": ">=6"
			}
		},
		"node_modules/got": {
			"version": "9.6.0",
			"resolved": "https://registry.npmmirror.com/got/-/got-9.6.0.tgz",
			"integrity": "sha512-R7eWptXuGYxwijs0eV+v3o6+XH1IqVK8dJOEecQfTmkncw9AV4dcw/Dhxi8MdlqPthxxpZyizMzyg8RTmEsG+Q==",
			"dependencies": {
				"@sindresorhus/is": "^0.14.0",
				"@szmarczak/http-timer": "^1.1.2",
				"cacheable-request": "^6.0.0",
				"decompress-response": "^3.3.0",
				"duplexer3": "^0.1.4",
				"get-stream": "^4.1.0",
				"lowercase-keys": "^1.0.1",
				"mimic-response": "^1.0.1",
				"p-cancelable": "^1.0.0",
				"to-readable-stream": "^1.0.0",
				"url-parse-lax": "^3.0.0"
			},
			"engines": {
				"node": ">=8.6"
			}
		},
		"node_modules/graceful-fs": {
			"version": "4.2.10",
			"resolved": "https://registry.npmmirror.com/graceful-fs/-/graceful-fs-4.2.10.tgz",
			"integrity": "sha512-9ByhssR2fPVsNZj478qUUbKfmL0+t5BDVyjShtyZZLiK7ZDAArFFfopyOTj0M05wE2tJPisA4iTnnXl2YoPvOA=="
		},
		"node_modules/highlight.js": {
			"version": "11.5.1",
			"resolved": "https://registry.npmmirror.com/highlight.js/-/highlight.js-11.5.1.tgz",
			"integrity": "sha512-LKzHqnxr4CrD2YsNoIf/o5nJ09j4yi/GcH5BnYz9UnVpZdS4ucMgvP61TDty5xJcFGRjnH4DpujkS9bHT3hq0Q==",
			"engines": {
				"node": ">=12.0.0"
			}
		},
		"node_modules/http-cache-semantics": {
			"version": "4.1.0",
			"resolved": "https://registry.npmmirror.com/http-cache-semantics/-/http-cache-semantics-4.1.0.tgz",
			"integrity": "sha512-carPklcUh7ROWRK7Cv27RPtdhYhUsela/ue5/jKzjegVvXDqM2ILE9Q2BGn9JZJh1g87cp56su/FgQSzcWS8cQ=="
		},
		"node_modules/imurmurhash": {
			"version": "0.1.4",
			"resolved": "https://registry.npmmirror.com/imurmurhash/-/imurmurhash-0.1.4.tgz",
			"integrity": "sha512-JmXMZ6wuvDmLiHEml9ykzqO6lwFbof0GG4IkcGaENdCRDDmMVnny7s5HsIgHCbaq0w2MyPhDqkhTUgS2LU2PHA==",
			"engines": {
				"node": ">=0.8.19"
			}
		},
		"node_modules/is-obj": {
			"version": "2.0.0",
			"resolved": "https://registry.npmmirror.com/is-obj/-/is-obj-2.0.0.tgz",
			"integrity": "sha512-drqDG3cbczxxEJRoOXcOjtdp1J/lyp1mNn0xaznRs8+muBhgQcrnbspox5X5fOw0HnMnbfDzvnEMEtqDEJEo8w==",
			"engines": {
				"node": ">=8"
			}
		},
		"node_modules/is-typedarray": {
			"version": "1.0.0",
			"resolved": "https://registry.npmmirror.com/is-typedarray/-/is-typedarray-1.0.0.tgz",
			"integrity": "sha512-cyA56iCMHAh5CdzjJIa4aohJyeO1YbwLi3Jc35MmRU6poroFjIGZzUzupGiRPOjgHg9TLu43xbpwXk523fMxKA=="
		},
		"node_modules/json-buffer": {
			"version": "3.0.0",
			"resolved": "https://registry.npmmirror.com/json-buffer/-/json-buffer-3.0.0.tgz",
			"integrity": "sha512-CuUqjv0FUZIdXkHPI8MezCnFCdaTAacej1TZYulLoAg1h/PhwkdXFN4V/gzY4g+fMBCOV2xF+rp7t2XD2ns/NQ=="
		},
		"node_modules/keyv": {
			"version": "3.1.0",
			"resolved": "https://registry.npmmirror.com/keyv/-/keyv-3.1.0.tgz",
			"integrity": "sha512-9ykJ/46SN/9KPM/sichzQ7OvXyGDYKGTaDlKMGCAlg2UK8KRy4jb0d8sFc+0Tt0YYnThq8X2RZgCg74RPxgcVA==",
			"dependencies": {
				"json-buffer": "3.0.0"
			}
		},
		"node_modules/linkify-it": {
			"version": "4.0.1",
			"license": "MIT",
			"dependencies": {
				"uc.micro": "^1.0.1"
			}
		},
		"node_modules/lowercase-keys": {
			"version": "1.0.1",
			"resolved": "https://registry.npmmirror.com/lowercase-keys/-/lowercase-keys-1.0.1.tgz",
			"integrity": "sha512-G2Lj61tXDnVFFOi8VZds+SoQjtQC3dgokKdDG2mTm1tx4m50NUHBOZSBwQQHyy0V12A0JTG4icfZQH+xPyh8VA==",
			"engines": {
				"node": ">=0.10.0"
			}
		},
		"node_modules/make-dir": {
			"version": "3.1.0",
			"resolved": "https://registry.npmmirror.com/make-dir/-/make-dir-3.1.0.tgz",
			"integrity": "sha512-g3FeP20LNwhALb/6Cz6Dd4F2ngze0jz7tbzrD2wAV+o9FeNHe4rL+yK2md0J/fiSf1sa1ADhXqi5+oVwOM/eGw==",
			"dependencies": {
				"semver": "^6.0.0"
			},
			"engines": {
				"node": ">=8"
			}
		},
		"node_modules/markdown-it": {
			"version": "13.0.1",
			"license": "MIT",
			"dependencies": {
				"argparse": "^2.0.1",
				"entities": "~3.0.1",
				"linkify-it": "^4.0.1",
				"mdurl": "^1.0.1",
				"uc.micro": "^1.0.5"
			},
			"bin": {
				"markdown-it": "bin/markdown-it.js"
			}
		},
		"node_modules/markdown-it/node_modules/entities": {
			"version": "3.0.1",
			"resolved": "https://registry.npmmirror.com/entities/-/entities-3.0.1.tgz",
			"integrity": "sha512-WiyBqoomrwMdFG1e0kqvASYfnlb0lp8M5o5Fw2OFq1hNZxxcNk8Ik0Xm7LxzBhuidnZB/UtBqVCgUz3kBOP51Q==",
			"engines": {
				"node": ">=0.12"
			}
		},
		"node_modules/mdurl": {
			"version": "1.0.1",
			"license": "MIT"
		},
		"node_modules/mimic-response": {
			"version": "1.0.1",
			"resolved": "https://registry.npmmirror.com/mimic-response/-/mimic-response-1.0.1.tgz",
			"integrity": "sha512-j5EctnkH7amfV/q5Hgmoal1g2QHFJRraOtmx0JpIqkxhBhI/lJSl1nMpQ45hVarwNETOoWEimndZ4QK0RHxuxQ==",
			"engines": {
				"node": ">=4"
			}
		},
		"node_modules/normalize-url": {
			"version": "4.5.1",
			"resolved": "https://registry.npmmirror.com/normalize-url/-/normalize-url-4.5.1.tgz",
			"integrity": "sha512-9UZCFRHQdNrfTpGg8+1INIg93B6zE0aXMVFkw1WFwvO4SlZywU6aLg5Of0Ap/PgcbSw4LNxvMWXMeugwMCX0AA==",
			"engines": {
				"node": ">=8"
			}
		},
		"node_modules/once": {
			"version": "1.4.0",
			"resolved": "https://registry.npmmirror.com/once/-/once-1.4.0.tgz",
			"integrity": "sha512-lNaJgI+2Q5URQBkccEKHTQOPaXdUxnZZElQTZY0MFUAuaEqe1E+Nyvgdz/aIyNi6Z9MzO5dv1H8n58/GELp3+w==",
			"dependencies": {
				"wrappy": "1"
			}
		},
		"node_modules/p-cancelable": {
			"version": "1.1.0",
			"resolved": "https://registry.npmmirror.com/p-cancelable/-/p-cancelable-1.1.0.tgz",
			"integrity": "sha512-s73XxOZ4zpt1edZYZzvhqFa6uvQc1vwUa0K0BdtIZgQMAJj9IbebH+JkgKZc9h+B05PKHLOTl4ajG1BmNrVZlw==",
			"engines": {
				"node": ">=6"
			}
		},
		"node_modules/prepend-http": {
			"version": "2.0.0",
			"resolved": "https://registry.npmmirror.com/prepend-http/-/prepend-http-2.0.0.tgz",
			"integrity": "sha512-ravE6m9Atw9Z/jjttRUZ+clIXogdghyZAuWJ3qEzjT+jI/dL1ifAqhZeC5VHzQp1MSt1+jxKkFNemj/iO7tVUA==",
			"engines": {
				"node": ">=4"
			}
		},
		"node_modules/pump": {
			"version": "3.0.0",
			"resolved": "https://registry.npmmirror.com/pump/-/pump-3.0.0.tgz",
			"integrity": "sha512-LwZy+p3SFs1Pytd/jYct4wpv49HiYCqd9Rlc5ZVdk0V+8Yzv6jR5Blk3TRmPL1ft69TxP0IMZGJ+WPFU2BFhww==",
			"dependencies": {
				"end-of-stream": "^1.1.0",
				"once": "^1.3.1"
			}
		},
		"node_modules/responselike": {
			"version": "1.0.2",
			"resolved": "https://registry.npmmirror.com/responselike/-/responselike-1.0.2.tgz",
			"integrity": "sha512-/Fpe5guzJk1gPqdJLJR5u7eG/gNY4nImjbRDaVWVMRhne55TCmj2i9Q+54PBRfatRC8v/rIiv9BN0pMd9OV5EQ==",
			"dependencies": {
				"lowercase-keys": "^1.0.0"
			}
		},
		"node_modules/semver": {
			"version": "6.3.0",
			"resolved": "https://registry.npmmirror.com/semver/-/semver-6.3.0.tgz",
			"integrity": "sha512-b39TBaTSfV6yBrapU89p5fKekE2m/NwnDocOVruQFS1/veMgdzuPcnOM34M6CwxW8jH/lxEa5rBoDeUwu5HHTw==",
			"bin": {
				"semver": "bin/semver.js"
			}
		},
		"node_modules/signal-exit": {
			"version": "3.0.7",
			"resolved": "https://registry.npmmirror.com/signal-exit/-/signal-exit-3.0.7.tgz",
			"integrity": "sha512-wnD2ZE+l+SPC/uoS0vXeE9L1+0wuaMqKlfz9AMUo38JsyLSBWSFcHR1Rri62LZc12vLr1gb3jl7iwQhgwpAbGQ=="
		},
		"node_modules/to-readable-stream": {
			"version": "1.0.0",
			"resolved": "https://registry.npmmirror.com/to-readable-stream/-/to-readable-stream-1.0.0.tgz",
			"integrity": "sha512-Iq25XBt6zD5npPhlLVXGFN3/gyR2/qODcKNNyTMd4vbm39HUaOiAM4PMq0eMVC/Tkxz+Zjdsc55g9yyz+Yq00Q==",
			"engines": {
				"node": ">=6"
			}
		},
		"node_modules/typedarray-to-buffer": {
			"version": "3.1.5",
			"resolved": "https://registry.npmmirror.com/typedarray-to-buffer/-/typedarray-to-buffer-3.1.5.tgz",
			"integrity": "sha512-zdu8XMNEDepKKR+XYOXAVPtWui0ly0NtohUscw+UmaHiAWT8hrV1rr//H6V+0DvJ3OQ19S979M0laLfX8rm82Q==",
			"dependencies": {
				"is-typedarray": "^1.0.0"
			}
		},
		"node_modules/typescript": {
			"version": "4.6.4",
			"resolved": "https://registry.npmmirror.com/typescript/-/typescript-4.6.4.tgz",
			"integrity": "sha512-9ia/jWHIEbo49HfjrLGfKbZSuWo9iTMwXO+Ca3pRsSpbsMbc7/IU8NKdCZVRRBafVPGnoJeFL76ZOAA84I9fEg==",
			"dev": true,
			"bin": {
				"tsc": "bin/tsc",
				"tsserver": "bin/tsserver"
			},
			"engines": {
				"node": ">=4.2.0"
			}
		},
		"node_modules/uc.micro": {
			"version": "1.0.6",
			"license": "MIT"
		},
		"node_modules/unique-string": {
			"version": "2.0.0",
			"resolved": "https://registry.npmmirror.com/unique-string/-/unique-string-2.0.0.tgz",
			"integrity": "sha512-uNaeirEPvpZWSgzwsPGtU2zVSTrn/8L5q/IexZmH0eH6SA73CmAA5U4GwORTxQAZs95TAXLNqeLoPPNO5gZfWg==",
			"dependencies": {
				"crypto-random-string": "^2.0.0"
			},
			"engines": {
				"node": ">=8"
			}
		},
		"node_modules/url-parse-lax": {
			"version": "3.0.0",
			"resolved": "https://registry.npmmirror.com/url-parse-lax/-/url-parse-lax-3.0.0.tgz",
			"integrity": "sha512-NjFKA0DidqPa5ciFcSrXnAltTtzz84ogy+NebPvfEgAck0+TNg4UJ4IN+fB7zRZfbgUf0syOo9MDxFkDSMuFaQ==",
			"dependencies": {
				"prepend-http": "^2.0.0"
			},
			"engines": {
				"node": ">=4"
			}
		},
		"node_modules/wrappy": {
			"version": "1.0.2",
			"resolved": "https://registry.npmmirror.com/wrappy/-/wrappy-1.0.2.tgz",
			"integrity": "sha512-l4Sp/DRseor9wL6EvV2+TuQn63dMkPjZ/sp9XkghTEbV9KlPS1xUsZ3u7/IQO4wxtcFB4bgpQPRcR3QCvezPcQ=="
		},
		"node_modules/write-file-atomic": {
			"version": "3.0.3",
			"resolved": "https://registry.npmmirror.com/write-file-atomic/-/write-file-atomic-3.0.3.tgz",
			"integrity": "sha512-AvHcyZ5JnSfq3ioSyjrBkH9yW4m7Ayk8/9My/DD9onKeu/94fwrMocemO2QAJFAlnnDN+ZDS+ZjAR5ua1/PV/Q==",
			"dependencies": {
				"imurmurhash": "^0.1.4",
				"is-typedarray": "^1.0.0",
				"signal-exit": "^3.0.2",
				"typedarray-to-buffer": "^3.1.5"
			}
		},
		"node_modules/xdg-basedir": {
			"version": "4.0.0",
			"resolved": "https://registry.npmmirror.com/xdg-basedir/-/xdg-basedir-4.0.0.tgz",
			"integrity": "sha512-PSNhEJDejZYV7h50BohL09Er9VaIefr2LMAf3OEmpCkjOi34eYyQYAXUTjEQtZJTKcF0E2UKTh+osDLsgNim9Q==",
			"engines": {
				"node": ">=8"
			}
		}
	},
	"dependencies": {
		"@sindresorhus/is": {
			"version": "0.14.0",
			"resolved": "https://registry.npmmirror.com/@sindresorhus/is/-/is-0.14.0.tgz",
			"integrity": "sha512-9NET910DNaIPngYnLLPeg+Ogzqsi9uM4mSboU5y6p8S5DzMTVEsJZrawi+BoDNUVBa2DhJqQYUFvMDfgU062LQ=="
		},
		"@szmarczak/http-timer": {
			"version": "1.1.2",
			"resolved": "https://registry.npmmirror.com/@szmarczak/http-timer/-/http-timer-1.1.2.tgz",
			"integrity": "sha512-XIB2XbzHTN6ieIjfIMV9hlVcfPU26s2vafYWQcZHWXHOxiaRZYEDKEwdl129Zyg50+foYV2jCgtrqSA6qNuNSA==",
			"requires": {
				"defer-to-connect": "^1.0.1"
			}
		},
		"@types/linkify-it": {
			"version": "3.0.2",
			"resolved": "https://registry.npmmirror.com/@types/linkify-it/-/linkify-it-3.0.2.tgz",
			"integrity": "sha512-HZQYqbiFVWufzCwexrvh694SOim8z2d+xJl5UNamcvQFejLY/2YUtzXHYi3cHdI7PMlS8ejH2slRAOJQ32aNbA==",
			"dev": true
		},
		"@types/markdown-it": {
			"version": "12.2.3",
			"resolved": "https://registry.npmmirror.com/@types/markdown-it/-/markdown-it-12.2.3.tgz",
			"integrity": "sha512-GKMHFfv3458yYy+v/N8gjufHO6MSZKCOXpZc5GXIWWy8uldwfmPn98vp81gZ5f9SVw8YYBctgfJ22a2d7AOMeQ==",
			"dev": true,
			"requires": {
				"@types/linkify-it": "*",
				"@types/mdurl": "*"
			}
		},
		"@types/mdurl": {
			"version": "1.0.2",
			"resolved": "https://registry.npmmirror.com/@types/mdurl/-/mdurl-1.0.2.tgz",
			"integrity": "sha512-eC4U9MlIcu2q0KQmXszyn5Akca/0jrQmwDRgpAMJai7qBWq4amIQhZyNau4VYGtCeALvW1/NtjzJJ567aZxfKA==",
			"dev": true
		},
		"@types/node": {
			"version": "17.0.35",
			"resolved": "https://registry.npmmirror.com/@types/node/-/node-17.0.35.tgz",
			"integrity": "sha512-vu1SrqBjbbZ3J6vwY17jBs8Sr/BKA+/a/WtjRG+whKg1iuLFOosq872EXS0eXWILdO36DHQQeku/ZcL6hz2fpg==",
			"dev": true
		},
		"@vitalets/google-translate-api": {
			"version": "8.0.0",
			"resolved": "https://registry.npmmirror.com/@vitalets/google-translate-api/-/google-translate-api-8.0.0.tgz",
			"integrity": "sha512-CHOi8DRgDAoLlFQy9pm1KHUauIk5ZXys3+Eh0aSYxzJSuxAE7Z2UL8+5MgNdl1oX7t/O7u+SwGhkhu6+U1bNcg==",
			"requires": {
				"configstore": "^5.0.1",
				"got": "^9.6.0"
			}
		},
		"argparse": {
			"version": "2.0.1"
		},
		"cacheable-request": {
			"version": "6.1.0",
			"resolved": "https://registry.npmmirror.com/cacheable-request/-/cacheable-request-6.1.0.tgz",
			"integrity": "sha512-Oj3cAGPCqOZX7Rz64Uny2GYAZNliQSqfbePrgAQ1wKAihYmCUnraBtJtKcGR4xz7wF+LoJC+ssFZvv5BgF9Igg==",
			"requires": {
				"clone-response": "^1.0.2",
				"get-stream": "^5.1.0",
				"http-cache-semantics": "^4.0.0",
				"keyv": "^3.0.0",
				"lowercase-keys": "^2.0.0",
				"normalize-url": "^4.1.0",
				"responselike": "^1.0.2"
			},
			"dependencies": {
				"get-stream": {
					"version": "5.2.0",
					"resolved": "https://registry.npmmirror.com/get-stream/-/get-stream-5.2.0.tgz",
					"integrity": "sha512-nBF+F1rAZVCu/p7rjzgA+Yb4lfYXrpl7a6VmJrU8wF9I1CKvP/QwPNZHnOlwbTkY6dvtFIzFMSyQXbLoTQPRpA==",
					"requires": {
						"pump": "^3.0.0"
					}
				},
				"lowercase-keys": {
					"version": "2.0.0",
					"resolved": "https://registry.npmmirror.com/lowercase-keys/-/lowercase-keys-2.0.0.tgz",
					"integrity": "sha512-tqNXrS78oMOE73NMxK4EMLQsQowWf8jKooH9g7xPavRT706R6bkQJ6DY2Te7QukaZsulxa30wQ7bk0pm4XiHmA=="
				}
			}
		},
		"clone-response": {
			"version": "1.0.2",
			"resolved": "https://registry.npmmirror.com/clone-response/-/clone-response-1.0.2.tgz",
			"integrity": "sha512-yjLXh88P599UOyPTFX0POsd7WxnbsVsGohcwzHOLspIhhpalPw1BcqED8NblyZLKcGrL8dTgMlcaZxV2jAD41Q==",
			"requires": {
				"mimic-response": "^1.0.0"
			}
		},
		"commander": {
			"version": "9.2.0",
			"resolved": "https://registry.npmmirror.com/commander/-/commander-9.2.0.tgz",
			"integrity": "sha512-e2i4wANQiSXgnrBlIatyHtP1odfUp0BbV5Y5nEGbxtIrStkEOAAzCUirvLBNXHLr7kwLvJl6V+4V3XV9x7Wd9w=="
		},
		"configstore": {
			"version": "5.0.1",
			"resolved": "https://registry.npmmirror.com/configstore/-/configstore-5.0.1.tgz",
			"integrity": "sha512-aMKprgk5YhBNyH25hj8wGt2+D52Sw1DRRIzqBwLp2Ya9mFmY8KPvvtvmna8SxVR9JMZ4kzMD68N22vlaRpkeFA==",
			"requires": {
				"dot-prop": "^5.2.0",
				"graceful-fs": "^4.1.2",
				"make-dir": "^3.0.0",
				"unique-string": "^2.0.0",
				"write-file-atomic": "^3.0.0",
				"xdg-basedir": "^4.0.0"
			}
		},
		"crypto-random-string": {
			"version": "2.0.0",
			"resolved": "https://registry.npmmirror.com/crypto-random-string/-/crypto-random-string-2.0.0.tgz",
			"integrity": "sha512-v1plID3y9r/lPhviJ1wrXpLeyUIGAZ2SHNYTEapm7/8A9nLPoyvVp3RK/EPFqn5kEznyWgYZNsRtYYIWbuG8KA=="
		},
		"decompress-response": {
			"version": "3.3.0",
			"resolved": "https://registry.npmmirror.com/decompress-response/-/decompress-response-3.3.0.tgz",
			"integrity": "sha512-BzRPQuY1ip+qDonAOz42gRm/pg9F768C+npV/4JOsxRC2sq+Rlk+Q4ZCAsOhnIaMrgarILY+RMUIvMmmX1qAEA==",
			"requires": {
				"mimic-response": "^1.0.0"
			}
		},
		"defer-to-connect": {
			"version": "1.1.3",
			"resolved": "https://registry.npmmirror.com/defer-to-connect/-/defer-to-connect-1.1.3.tgz",
			"integrity": "sha512-0ISdNousHvZT2EiFlZeZAHBUvSxmKswVCEf8hW7KWgG4a8MVEu/3Vb6uWYozkjylyCxe0JBIiRB1jV45S70WVQ=="
		},
		"dot-prop": {
			"version": "5.3.0",
			"resolved": "https://registry.npmmirror.com/dot-prop/-/dot-prop-5.3.0.tgz",
			"integrity": "sha512-QM8q3zDe58hqUqjraQOmzZ1LIH9SWQJTlEKCH4kJ2oQvLZk7RbQXvtDM2XEq3fwkV9CCvvH4LA0AV+ogFsBM2Q==",
			"requires": {
				"is-obj": "^2.0.0"
			}
		},
		"duplexer3": {
			"version": "0.1.4",
			"resolved": "https://registry.npmmirror.com/duplexer3/-/duplexer3-0.1.4.tgz",
			"integrity": "sha512-CEj8FwwNA4cVH2uFCoHUrmojhYh1vmCdOaneKJXwkeY1i9jnlslVo9dx+hQ5Hl9GnH/Bwy/IjxAyOePyPKYnzA=="
		},
		"end-of-stream": {
			"version": "1.4.4",
			"resolved": "https://registry.npmmirror.com/end-of-stream/-/end-of-stream-1.4.4.tgz",
			"integrity": "sha512-+uw1inIHVPQoaVuHzRyXd21icM+cnt4CzD5rW+NC1wjOUSTOs+Te7FOv7AhN7vS9x/oIyhLP5PR1H+phQAHu5Q==",
			"requires": {
				"once": "^1.4.0"
			}
		},
		"get-stream": {
			"version": "4.1.0",
			"resolved": "https://registry.npmmirror.com/get-stream/-/get-stream-4.1.0.tgz",
			"integrity": "sha512-GMat4EJ5161kIy2HevLlr4luNjBgvmj413KaQA7jt4V8B4RDsfpHk7WQ9GVqfYyyx8OS/L66Kox+rJRNklLK7w==",
			"requires": {
				"pump": "^3.0.0"
			}
		},
		"got": {
			"version": "9.6.0",
			"resolved": "https://registry.npmmirror.com/got/-/got-9.6.0.tgz",
			"integrity": "sha512-R7eWptXuGYxwijs0eV+v3o6+XH1IqVK8dJOEecQfTmkncw9AV4dcw/Dhxi8MdlqPthxxpZyizMzyg8RTmEsG+Q==",
			"requires": {
				"@sindresorhus/is": "^0.14.0",
				"@szmarczak/http-timer": "^1.1.2",
				"cacheable-request": "^6.0.0",
				"decompress-response": "^3.3.0",
				"duplexer3": "^0.1.4",
				"get-stream": "^4.1.0",
				"lowercase-keys": "^1.0.1",
				"mimic-response": "^1.0.1",
				"p-cancelable": "^1.0.0",
				"to-readable-stream": "^1.0.0",
				"url-parse-lax": "^3.0.0"
			}
		},
		"graceful-fs": {
			"version": "4.2.10",
			"resolved": "https://registry.npmmirror.com/graceful-fs/-/graceful-fs-4.2.10.tgz",
			"integrity": "sha512-9ByhssR2fPVsNZj478qUUbKfmL0+t5BDVyjShtyZZLiK7ZDAArFFfopyOTj0M05wE2tJPisA4iTnnXl2YoPvOA=="
		},
		"highlight.js": {
			"version": "11.5.1",
			"resolved": "https://registry.npmmirror.com/highlight.js/-/highlight.js-11.5.1.tgz",
			"integrity": "sha512-LKzHqnxr4CrD2YsNoIf/o5nJ09j4yi/GcH5BnYz9UnVpZdS4ucMgvP61TDty5xJcFGRjnH4DpujkS9bHT3hq0Q=="
		},
		"http-cache-semantics": {
			"version": "4.1.0",
			"resolved": "https://registry.npmmirror.com/http-cache-semantics/-/http-cache-semantics-4.1.0.tgz",
			"integrity": "sha512-carPklcUh7ROWRK7Cv27RPtdhYhUsela/ue5/jKzjegVvXDqM2ILE9Q2BGn9JZJh1g87cp56su/FgQSzcWS8cQ=="
		},
		"imurmurhash": {
			"version": "0.1.4",
			"resolved": "https://registry.npmmirror.com/imurmurhash/-/imurmurhash-0.1.4.tgz",
			"integrity": "sha512-JmXMZ6wuvDmLiHEml9ykzqO6lwFbof0GG4IkcGaENdCRDDmMVnny7s5HsIgHCbaq0w2MyPhDqkhTUgS2LU2PHA=="
		},
		"is-obj": {
			"version": "2.0.0",
			"resolved": "https://registry.npmmirror.com/is-obj/-/is-obj-2.0.0.tgz",
			"integrity": "sha512-drqDG3cbczxxEJRoOXcOjtdp1J/lyp1mNn0xaznRs8+muBhgQcrnbspox5X5fOw0HnMnbfDzvnEMEtqDEJEo8w=="
		},
		"is-typedarray": {
			"version": "1.0.0",
			"resolved": "https://registry.npmmirror.com/is-typedarray/-/is-typedarray-1.0.0.tgz",
			"integrity": "sha512-cyA56iCMHAh5CdzjJIa4aohJyeO1YbwLi3Jc35MmRU6poroFjIGZzUzupGiRPOjgHg9TLu43xbpwXk523fMxKA=="
		},
		"json-buffer": {
			"version": "3.0.0",
			"resolved": "https://registry.npmmirror.com/json-buffer/-/json-buffer-3.0.0.tgz",
			"integrity": "sha512-CuUqjv0FUZIdXkHPI8MezCnFCdaTAacej1TZYulLoAg1h/PhwkdXFN4V/gzY4g+fMBCOV2xF+rp7t2XD2ns/NQ=="
		},
		"keyv": {
			"version": "3.1.0",
			"resolved": "https://registry.npmmirror.com/keyv/-/keyv-3.1.0.tgz",
			"integrity": "sha512-9ykJ/46SN/9KPM/sichzQ7OvXyGDYKGTaDlKMGCAlg2UK8KRy4jb0d8sFc+0Tt0YYnThq8X2RZgCg74RPxgcVA==",
			"requires": {
				"json-buffer": "3.0.0"
			}
		},
		"linkify-it": {
			"version": "4.0.1",
			"requires": {
				"uc.micro": "^1.0.1"
			}
		},
		"lowercase-keys": {
			"version": "1.0.1",
			"resolved": "https://registry.npmmirror.com/lowercase-keys/-/lowercase-keys-1.0.1.tgz",
			"integrity": "sha512-G2Lj61tXDnVFFOi8VZds+SoQjtQC3dgokKdDG2mTm1tx4m50NUHBOZSBwQQHyy0V12A0JTG4icfZQH+xPyh8VA=="
		},
		"make-dir": {
			"version": "3.1.0",
			"resolved": "https://registry.npmmirror.com/make-dir/-/make-dir-3.1.0.tgz",
			"integrity": "sha512-g3FeP20LNwhALb/6Cz6Dd4F2ngze0jz7tbzrD2wAV+o9FeNHe4rL+yK2md0J/fiSf1sa1ADhXqi5+oVwOM/eGw==",
			"requires": {
				"semver": "^6.0.0"
			}
		},
		"markdown-it": {
			"version": "13.0.1",
			"requires": {
				"argparse": "^2.0.1",
				"entities": "~3.0.1",
				"linkify-it": "^4.0.1",
				"mdurl": "^1.0.1",
				"uc.micro": "^1.0.5"
			},
			"dependencies": {
				"entities": {
					"version": "3.0.1",
					"resolved": "https://registry.npmmirror.com/entities/-/entities-3.0.1.tgz",
					"integrity": "sha512-WiyBqoomrwMdFG1e0kqvASYfnlb0lp8M5o5Fw2OFq1hNZxxcNk8Ik0Xm7LxzBhuidnZB/UtBqVCgUz3kBOP51Q=="
				}
			}
		},
		"mdurl": {
			"version": "1.0.1"
		},
		"mimic-response": {
			"version": "1.0.1",
			"resolved": "https://registry.npmmirror.com/mimic-response/-/mimic-response-1.0.1.tgz",
			"integrity": "sha512-j5EctnkH7amfV/q5Hgmoal1g2QHFJRraOtmx0JpIqkxhBhI/lJSl1nMpQ45hVarwNETOoWEimndZ4QK0RHxuxQ=="
		},
		"normalize-url": {
			"version": "4.5.1",
			"resolved": "https://registry.npmmirror.com/normalize-url/-/normalize-url-4.5.1.tgz",
			"integrity": "sha512-9UZCFRHQdNrfTpGg8+1INIg93B6zE0aXMVFkw1WFwvO4SlZywU6aLg5Of0Ap/PgcbSw4LNxvMWXMeugwMCX0AA=="
		},
		"once": {
			"version": "1.4.0",
			"resolved": "https://registry.npmmirror.com/once/-/once-1.4.0.tgz",
			"integrity": "sha512-lNaJgI+2Q5URQBkccEKHTQOPaXdUxnZZElQTZY0MFUAuaEqe1E+Nyvgdz/aIyNi6Z9MzO5dv1H8n58/GELp3+w==",
			"requires": {
				"wrappy": "1"
			}
		},
		"p-cancelable": {
			"version": "1.1.0",
			"resolved": "https://registry.npmmirror.com/p-cancelable/-/p-cancelable-1.1.0.tgz",
			"integrity": "sha512-s73XxOZ4zpt1edZYZzvhqFa6uvQc1vwUa0K0BdtIZgQMAJj9IbebH+JkgKZc9h+B05PKHLOTl4ajG1BmNrVZlw=="
		},
		"prepend-http": {
			"version": "2.0.0",
			"resolved": "https://registry.npmmirror.com/prepend-http/-/prepend-http-2.0.0.tgz",
			"integrity": "sha512-ravE6m9Atw9Z/jjttRUZ+clIXogdghyZAuWJ3qEzjT+jI/dL1ifAqhZeC5VHzQp1MSt1+jxKkFNemj/iO7tVUA=="
		},
		"pump": {
			"version": "3.0.0",
			"resolved": "https://registry.npmmirror.com/pump/-/pump-3.0.0.tgz",
			"integrity": "sha512-LwZy+p3SFs1Pytd/jYct4wpv49HiYCqd9Rlc5ZVdk0V+8Yzv6jR5Blk3TRmPL1ft69TxP0IMZGJ+WPFU2BFhww==",
			"requires": {
				"end-of-stream": "^1.1.0",
				"once": "^1.3.1"
			}
		},
		"responselike": {
			"version": "1.0.2",
			"resolved": "https://registry.npmmirror.com/responselike/-/responselike-1.0.2.tgz",
			"integrity": "sha512-/Fpe5guzJk1gPqdJLJR5u7eG/gNY4nImjbRDaVWVMRhne55TCmj2i9Q+54PBRfatRC8v/rIiv9BN0pMd9OV5EQ==",
			"requires": {
				"lowercase-keys": "^1.0.0"
			}
		},
		"semver": {
			"version": "6.3.0",
			"resolved": "https://registry.npmmirror.com/semver/-/semver-6.3.0.tgz",
			"integrity": "sha512-b39TBaTSfV6yBrapU89p5fKekE2m/NwnDocOVruQFS1/veMgdzuPcnOM34M6CwxW8jH/lxEa5rBoDeUwu5HHTw=="
		},
		"signal-exit": {
			"version": "3.0.7",
			"resolved": "https://registry.npmmirror.com/signal-exit/-/signal-exit-3.0.7.tgz",
			"integrity": "sha512-wnD2ZE+l+SPC/uoS0vXeE9L1+0wuaMqKlfz9AMUo38JsyLSBWSFcHR1Rri62LZc12vLr1gb3jl7iwQhgwpAbGQ=="
		},
		"to-readable-stream": {
			"version": "1.0.0",
			"resolved": "https://registry.npmmirror.com/to-readable-stream/-/to-readable-stream-1.0.0.tgz",
			"integrity": "sha512-Iq25XBt6zD5npPhlLVXGFN3/gyR2/qODcKNNyTMd4vbm39HUaOiAM4PMq0eMVC/Tkxz+Zjdsc55g9yyz+Yq00Q=="
		},
		"typedarray-to-buffer": {
			"version": "3.1.5",
			"resolved": "https://registry.npmmirror.com/typedarray-to-buffer/-/typedarray-to-buffer-3.1.5.tgz",
			"integrity": "sha512-zdu8XMNEDepKKR+XYOXAVPtWui0ly0NtohUscw+UmaHiAWT8hrV1rr//H6V+0DvJ3OQ19S979M0laLfX8rm82Q==",
			"requires": {
				"is-typedarray": "^1.0.0"
			}
		},
		"typescript": {
			"version": "4.6.4",
			"resolved": "https://registry.npmmirror.com/typescript/-/typescript-4.6.4.tgz",
			"integrity": "sha512-9ia/jWHIEbo49HfjrLGfKbZSuWo9iTMwXO+Ca3pRsSpbsMbc7/IU8NKdCZVRRBafVPGnoJeFL76ZOAA84I9fEg==",
			"dev": true
		},
		"uc.micro": {
			"version": "1.0.6"
		},
		"unique-string": {
			"version": "2.0.0",
			"resolved": "https://registry.npmmirror.com/unique-string/-/unique-string-2.0.0.tgz",
			"integrity": "sha512-uNaeirEPvpZWSgzwsPGtU2zVSTrn/8L5q/IexZmH0eH6SA73CmAA5U4GwORTxQAZs95TAXLNqeLoPPNO5gZfWg==",
			"requires": {
				"crypto-random-string": "^2.0.0"
			}
		},
		"url-parse-lax": {
			"version": "3.0.0",
			"resolved": "https://registry.npmmirror.com/url-parse-lax/-/url-parse-lax-3.0.0.tgz",
			"integrity": "sha512-NjFKA0DidqPa5ciFcSrXnAltTtzz84ogy+NebPvfEgAck0+TNg4UJ4IN+fB7zRZfbgUf0syOo9MDxFkDSMuFaQ==",
			"requires": {
				"prepend-http": "^2.0.0"
			}
		},
		"wrappy": {
			"version": "1.0.2",
			"resolved": "https://registry.npmmirror.com/wrappy/-/wrappy-1.0.2.tgz",
			"integrity": "sha512-l4Sp/DRseor9wL6EvV2+TuQn63dMkPjZ/sp9XkghTEbV9KlPS1xUsZ3u7/IQO4wxtcFB4bgpQPRcR3QCvezPcQ=="
		},
		"write-file-atomic": {
			"version": "3.0.3",
			"resolved": "https://registry.npmmirror.com/write-file-atomic/-/write-file-atomic-3.0.3.tgz",
			"integrity": "sha512-AvHcyZ5JnSfq3ioSyjrBkH9yW4m7Ayk8/9My/DD9onKeu/94fwrMocemO2QAJFAlnnDN+ZDS+ZjAR5ua1/PV/Q==",
			"requires": {
				"imurmurhash": "^0.1.4",
				"is-typedarray": "^1.0.0",
				"signal-exit": "^3.0.2",
				"typedarray-to-buffer": "^3.1.5"
			}
		},
		"xdg-basedir": {
			"version": "4.0.0",
			"resolved": "https://registry.npmmirror.com/xdg-basedir/-/xdg-basedir-4.0.0.tgz",
			"integrity": "sha512-PSNhEJDejZYV7h50BohL09Er9VaIefr2LMAf3OEmpCkjOi34eYyQYAXUTjEQtZJTKcF0E2UKTh+osDLsgNim9Q=="
		}
	}
}
